// !$*UTF8*$!
{
	archiveVersion = 1;
	classes = {
	};
	objectVersion = 46;
	objects = {

/* Begin PBXBuildFile section */
		AA747D9F0F9514B9006C5449 /* MRCEnumerable_Prefix.pch in Headers */ = {isa = PBXBuildFile; fileRef = AA747D9E0F9514B9006C5449 /* MRCEnumerable_Prefix.pch */; };
		AACBBE4A0F95108600F1A2B1 /* Foundation.framework in Frameworks */ = {isa = PBXBuildFile; fileRef = AACBBE490F95108600F1A2B1 /* Foundation.framework */; };
		BF0A91FB1776C76000C461D2 /* NSArray+Join+Test.m in Sources */ = {isa = PBXBuildFile; fileRef = BF0A91FA1776C76000C461D2 /* NSArray+Join+Test.m */; };
		BF42C87F177EF8340057E88B /* MRCEnumerable.h in Headers */ = {isa = PBXBuildFile; fileRef = BF42C874177EF8340057E88B /* MRCEnumerable.h */; };
		BF42C880177EF8340057E88B /* NSArray+Enumerable.h in Headers */ = {isa = PBXBuildFile; fileRef = BF42C875177EF8340057E88B /* NSArray+Enumerable.h */; };
		BF42C881177EF8340057E88B /* NSArray+Enumerable.m in Sources */ = {isa = PBXBuildFile; fileRef = BF42C876177EF8340057E88B /* NSArray+Enumerable.m */; };
		BF42C882177EF8340057E88B /* NSArray+Utilities.h in Headers */ = {isa = PBXBuildFile; fileRef = BF42C877177EF8340057E88B /* NSArray+Utilities.h */; };
		BF42C883177EF8340057E88B /* NSArray+Utilities.m in Sources */ = {isa = PBXBuildFile; fileRef = BF42C878177EF8340057E88B /* NSArray+Utilities.m */; };
		BF42C884177EF8340057E88B /* NSDictionary+Enumerable.h in Headers */ = {isa = PBXBuildFile; fileRef = BF42C879177EF8340057E88B /* NSDictionary+Enumerable.h */; };
		BF42C885177EF8340057E88B /* NSDictionary+Enumerable.m in Sources */ = {isa = PBXBuildFile; fileRef = BF42C87A177EF8340057E88B /* NSDictionary+Enumerable.m */; };
		BF42C886177EF8340057E88B /* NSSet+Enumerable.h in Headers */ = {isa = PBXBuildFile; fileRef = BF42C87B177EF8340057E88B /* NSSet+Enumerable.h */; };
		BF42C887177EF8340057E88B /* NSSet+Enumerable.m in Sources */ = {isa = PBXBuildFile; fileRef = BF42C87C177EF8340057E88B /* NSSet+Enumerable.m */; };
		BF42C888177EF8340057E88B /* NSSet+Utilities.h in Headers */ = {isa = PBXBuildFile; fileRef = BF42C87D177EF8340057E88B /* NSSet+Utilities.h */; };
		BF42C889177EF8340057E88B /* NSSet+Utilities.m in Sources */ = {isa = PBXBuildFile; fileRef = BF42C87E177EF8340057E88B /* NSSet+Utilities.m */; };
		BF4A33431776BA0B00D73643 /* libMRCEnumerable.a in Frameworks */ = {isa = PBXBuildFile; fileRef = D2AAC07E0554694100DB518D /* libMRCEnumerable.a */; };
		BF4A33441776BA0E00D73643 /* libMRCEnumerable.a in Frameworks */ = {isa = PBXBuildFile; fileRef = D2AAC07E0554694100DB518D /* libMRCEnumerable.a */; };
		BF4A33451776BA1200D73643 /* libMRCEnumerable.a in Frameworks */ = {isa = PBXBuildFile; fileRef = D2AAC07E0554694100DB518D /* libMRCEnumerable.a */; };
		BF98AEC21776B8BE0094B77C /* XCTest.framework in Frameworks */ = {isa = PBXBuildFile; fileRef = BF4B20561776AFD00046078A /* XCTest.framework */; };
		BF98AEC31776B8BE0094B77C /* Foundation.framework in Frameworks */ = {isa = PBXBuildFile; fileRef = AACBBE490F95108600F1A2B1 /* Foundation.framework */; };
		BF98AEC41776B8BE0094B77C /* UIKit.framework in Frameworks */ = {isa = PBXBuildFile; fileRef = BF83274E12928536002BF27D /* UIKit.framework */; };
		BF98AECA1776B8BE0094B77C /* InfoPlist.strings in Resources */ = {isa = PBXBuildFile; fileRef = BF98AEC81776B8BE0094B77C /* InfoPlist.strings */; };
		BF98AED81776B8C60094B77C /* XCTest.framework in Frameworks */ = {isa = PBXBuildFile; fileRef = BF4B20561776AFD00046078A /* XCTest.framework */; };
		BF98AED91776B8C60094B77C /* Foundation.framework in Frameworks */ = {isa = PBXBuildFile; fileRef = AACBBE490F95108600F1A2B1 /* Foundation.framework */; };
		BF98AEDA1776B8C60094B77C /* UIKit.framework in Frameworks */ = {isa = PBXBuildFile; fileRef = BF83274E12928536002BF27D /* UIKit.framework */; };
		BF98AEE01776B8C60094B77C /* InfoPlist.strings in Resources */ = {isa = PBXBuildFile; fileRef = BF98AEDE1776B8C60094B77C /* InfoPlist.strings */; };
		BF98AEEE1776B8CD0094B77C /* XCTest.framework in Frameworks */ = {isa = PBXBuildFile; fileRef = BF4B20561776AFD00046078A /* XCTest.framework */; };
		BF98AEEF1776B8CD0094B77C /* Foundation.framework in Frameworks */ = {isa = PBXBuildFile; fileRef = AACBBE490F95108600F1A2B1 /* Foundation.framework */; };
		BF98AEF01776B8CD0094B77C /* UIKit.framework in Frameworks */ = {isa = PBXBuildFile; fileRef = BF83274E12928536002BF27D /* UIKit.framework */; };
		BF98AEF61776B8CD0094B77C /* InfoPlist.strings in Resources */ = {isa = PBXBuildFile; fileRef = BF98AEF41776B8CD0094B77C /* InfoPlist.strings */; };
		BF98AF0A1776B8FE0094B77C /* NSArray+Collect+Test.m in Sources */ = {isa = PBXBuildFile; fileRef = BF98AEFF1776B8FE0094B77C /* NSArray+Collect+Test.m */; };
		BF98AF0B1776B8FE0094B77C /* NSArray+CollectWithIndex+Test.m in Sources */ = {isa = PBXBuildFile; fileRef = BF98AF001776B8FE0094B77C /* NSArray+CollectWithIndex+Test.m */; };
		BF98AF0C1776B8FE0094B77C /* NSArray+Detect+Test.m in Sources */ = {isa = PBXBuildFile; fileRef = BF98AF011776B8FE0094B77C /* NSArray+Detect+Test.m */; };
		BF98AF0D1776B8FE0094B77C /* NSArray+Each+Test.m in Sources */ = {isa = PBXBuildFile; fileRef = BF98AF021776B8FE0094B77C /* NSArray+Each+Test.m */; };
		BF98AF0E1776B8FE0094B77C /* NSArray+EachWithIndex+Test.m in Sources */ = {isa = PBXBuildFile; fileRef = BF98AF031776B8FE0094B77C /* NSArray+EachWithIndex+Test.m */; };
		BF98AF0F1776B8FE0094B77C /* NSArray+Empty+Test.m in Sources */ = {isa = PBXBuildFile; fileRef = BF98AF041776B8FE0094B77C /* NSArray+Empty+Test.m */; };
		BF98AF101776B8FE0094B77C /* NSArray+FindIndex+Test.m in Sources */ = {isa = PBXBuildFile; fileRef = BF98AF051776B8FE0094B77C /* NSArray+FindIndex+Test.m */; };
		BF98AF111776B8FE0094B77C /* NSArray+FirstObject+Test.m in Sources */ = {isa = PBXBuildFile; fileRef = BF98AF061776B8FE0094B77C /* NSArray+FirstObject+Test.m */; };
		BF98AF121776B8FE0094B77C /* NSArray+Inject+Test.m in Sources */ = {isa = PBXBuildFile; fileRef = BF98AF071776B8FE0094B77C /* NSArray+Inject+Test.m */; };
		BF98AF131776B8FE0094B77C /* NSArray+Reject+Test.m in Sources */ = {isa = PBXBuildFile; fileRef = BF98AF081776B8FE0094B77C /* NSArray+Reject+Test.m */; };
		BF98AF141776B8FE0094B77C /* NSArray+Select+Test.m in Sources */ = {isa = PBXBuildFile; fileRef = BF98AF091776B8FE0094B77C /* NSArray+Select+Test.m */; };
		BF98AF181776B90F0094B77C /* NSDictionary+Each+Test.m in Sources */ = {isa = PBXBuildFile; fileRef = BF98AF151776B90F0094B77C /* NSDictionary+Each+Test.m */; };
		BF98AF191776B90F0094B77C /* NSDictionary+Inject+Test.m in Sources */ = {isa = PBXBuildFile; fileRef = BF98AF161776B90F0094B77C /* NSDictionary+Inject+Test.m */; };
		BF98AF1A1776B90F0094B77C /* NSDictionary+Select+Test.m in Sources */ = {isa = PBXBuildFile; fileRef = BF98AF171776B90F0094B77C /* NSDictionary+Select+Test.m */; };
		BF98AF241776B9210094B77C /* NSSet+Collect+Test.m in Sources */ = {isa = PBXBuildFile; fileRef = BF98AF1B1776B9210094B77C /* NSSet+Collect+Test.m */; };
		BF98AF251776B9210094B77C /* NSSet+CollectWithIndex+Test.m in Sources */ = {isa = PBXBuildFile; fileRef = BF98AF1C1776B9210094B77C /* NSSet+CollectWithIndex+Test.m */; };
		BF98AF261776B9210094B77C /* NSSet+Detect+Test.m in Sources */ = {isa = PBXBuildFile; fileRef = BF98AF1D1776B9210094B77C /* NSSet+Detect+Test.m */; };
		BF98AF271776B9210094B77C /* NSSet+Each+Test.m in Sources */ = {isa = PBXBuildFile; fileRef = BF98AF1E1776B9210094B77C /* NSSet+Each+Test.m */; };
		BF98AF281776B9210094B77C /* NSSet+EachWithIndex+Test.m in Sources */ = {isa = PBXBuildFile; fileRef = BF98AF1F1776B9210094B77C /* NSSet+EachWithIndex+Test.m */; };
		BF98AF291776B9210094B77C /* NSSet+Empty+Test.m in Sources */ = {isa = PBXBuildFile; fileRef = BF98AF201776B9210094B77C /* NSSet+Empty+Test.m */; };
		BF98AF2A1776B9210094B77C /* NSSet+Inject+Test.m in Sources */ = {isa = PBXBuildFile; fileRef = BF98AF211776B9210094B77C /* NSSet+Inject+Test.m */; };
		BF98AF2B1776B9210094B77C /* NSSet+Reject+Test.m in Sources */ = {isa = PBXBuildFile; fileRef = BF98AF221776B9210094B77C /* NSSet+Reject+Test.m */; };
		BF98AF2C1776B9210094B77C /* NSSet+Select+Test.m in Sources */ = {isa = PBXBuildFile; fileRef = BF98AF231776B9210094B77C /* NSSet+Select+Test.m */; };
/* End PBXBuildFile section */

/* Begin PBXContainerItemProxy section */
		BF98AECE1776B8BE0094B77C /* PBXContainerItemProxy */ = {
			isa = PBXContainerItemProxy;
			containerPortal = 0867D690FE84028FC02AAC07 /* Project object */;
			proxyType = 1;
			remoteGlobalIDString = D2AAC07D0554694100DB518D;
			remoteInfo = MRCEnumerable;
		};
		BF98AEE41776B8C60094B77C /* PBXContainerItemProxy */ = {
			isa = PBXContainerItemProxy;
			containerPortal = 0867D690FE84028FC02AAC07 /* Project object */;
			proxyType = 1;
			remoteGlobalIDString = D2AAC07D0554694100DB518D;
			remoteInfo = MRCEnumerable;
		};
		BF98AEFA1776B8CD0094B77C /* PBXContainerItemProxy */ = {
			isa = PBXContainerItemProxy;
			containerPortal = 0867D690FE84028FC02AAC07 /* Project object */;
			proxyType = 1;
			remoteGlobalIDString = D2AAC07D0554694100DB518D;
			remoteInfo = MRCEnumerable;
		};
/* End PBXContainerItemProxy section */

/* Begin PBXFileReference section */
		AA747D9E0F9514B9006C5449 /* MRCEnumerable_Prefix.pch */ = {isa = PBXFileReference; fileEncoding = 4; lastKnownFileType = sourcecode.c.h; path = MRCEnumerable_Prefix.pch; sourceTree = SOURCE_ROOT; };
		AACBBE490F95108600F1A2B1 /* Foundation.framework */ = {isa = PBXFileReference; lastKnownFileType = wrapper.framework; name = Foundation.framework; path = System/Library/Frameworks/Foundation.framework; sourceTree = SDKROOT; };
		BF0A91FA1776C76000C461D2 /* NSArray+Join+Test.m */ = {isa = PBXFileReference; fileEncoding = 4; lastKnownFileType = sourcecode.c.objc; path = "NSArray+Join+Test.m"; sourceTree = "<group>"; };
		BF42C872177EF5F90057E88B /* MRCEnumerable.podspec */ = {isa = PBXFileReference; lastKnownFileType = text; path = MRCEnumerable.podspec; sourceTree = "<group>"; };
		BF42C874177EF8340057E88B /* MRCEnumerable.h */ = {isa = PBXFileReference; fileEncoding = 4; lastKnownFileType = sourcecode.c.h; path = MRCEnumerable.h; sourceTree = "<group>"; };
		BF42C875177EF8340057E88B /* NSArray+Enumerable.h */ = {isa = PBXFileReference; fileEncoding = 4; lastKnownFileType = sourcecode.c.h; path = "NSArray+Enumerable.h"; sourceTree = "<group>"; };
		BF42C876177EF8340057E88B /* NSArray+Enumerable.m */ = {isa = PBXFileReference; fileEncoding = 4; lastKnownFileType = sourcecode.c.objc; path = "NSArray+Enumerable.m"; sourceTree = "<group>"; };
		BF42C877177EF8340057E88B /* NSArray+Utilities.h */ = {isa = PBXFileReference; fileEncoding = 4; lastKnownFileType = sourcecode.c.h; path = "NSArray+Utilities.h"; sourceTree = "<group>"; };
		BF42C878177EF8340057E88B /* NSArray+Utilities.m */ = {isa = PBXFileReference; fileEncoding = 4; lastKnownFileType = sourcecode.c.objc; path = "NSArray+Utilities.m"; sourceTree = "<group>"; };
		BF42C879177EF8340057E88B /* NSDictionary+Enumerable.h */ = {isa = PBXFileReference; fileEncoding = 4; lastKnownFileType = sourcecode.c.h; path = "NSDictionary+Enumerable.h"; sourceTree = "<group>"; };
		BF42C87A177EF8340057E88B /* NSDictionary+Enumerable.m */ = {isa = PBXFileReference; fileEncoding = 4; lastKnownFileType = sourcecode.c.objc; path = "NSDictionary+Enumerable.m"; sourceTree = "<group>"; };
		BF42C87B177EF8340057E88B /* NSSet+Enumerable.h */ = {isa = PBXFileReference; fileEncoding = 4; lastKnownFileType = sourcecode.c.h; path = "NSSet+Enumerable.h"; sourceTree = "<group>"; };
		BF42C87C177EF8340057E88B /* NSSet+Enumerable.m */ = {isa = PBXFileReference; fileEncoding = 4; lastKnownFileType = sourcecode.c.objc; path = "NSSet+Enumerable.m"; sourceTree = "<group>"; };
		BF42C87D177EF8340057E88B /* NSSet+Utilities.h */ = {isa = PBXFileReference; fileEncoding = 4; lastKnownFileType = sourcecode.c.h; path = "NSSet+Utilities.h"; sourceTree = "<group>"; };
		BF42C87E177EF8340057E88B /* NSSet+Utilities.m */ = {isa = PBXFileReference; fileEncoding = 4; lastKnownFileType = sourcecode.c.objc; path = "NSSet+Utilities.m"; sourceTree = "<group>"; };
		BF4B20561776AFD00046078A /* XCTest.framework */ = {isa = PBXFileReference; lastKnownFileType = wrapper.framework; name = XCTest.framework; path = Library/Frameworks/XCTest.framework; sourceTree = DEVELOPER_DIR; };
		BF83274B12928536002BF27D /* CoreGraphics.framework */ = {isa = PBXFileReference; lastKnownFileType = wrapper.framework; name = CoreGraphics.framework; path = System/Library/Frameworks/CoreGraphics.framework; sourceTree = SDKROOT; };
		BF83274E12928536002BF27D /* UIKit.framework */ = {isa = PBXFileReference; lastKnownFileType = wrapper.framework; name = UIKit.framework; path = System/Library/Frameworks/UIKit.framework; sourceTree = SDKROOT; };
		BF832A0A12929C90002BF27D /* README.md */ = {isa = PBXFileReference; fileEncoding = 4; lastKnownFileType = text; path = README.md; sourceTree = "<group>"; };
		BF98AEC11776B8BE0094B77C /* Tests/NSArray.xctest */ = {isa = PBXFileReference; explicitFileType = wrapper.cfbundle; includeInIndex = 0; path = Tests/NSArray.xctest; sourceTree = BUILT_PRODUCTS_DIR; };
		BF98AEC71776B8BE0094B77C /* NSArray-Info.plist */ = {isa = PBXFileReference; lastKnownFileType = text.plist.xml; name = "NSArray-Info.plist"; path = "Tests/NSArray-Info.plist"; sourceTree = "<group>"; };
		BF98AEC91776B8BE0094B77C /* en */ = {isa = PBXFileReference; lastKnownFileType = text.plist.strings; name = en; path = en.lproj/InfoPlist.strings; sourceTree = "<group>"; };
		BF98AECD1776B8BE0094B77C /* NSArray-Prefix.pch */ = {isa = PBXFileReference; lastKnownFileType = sourcecode.c.h; name = "NSArray-Prefix.pch"; path = "Tests/NSArray-Prefix.pch"; sourceTree = "<group>"; };
		BF98AED71776B8C60094B77C /* Tests/NSDictionary.xctest */ = {isa = PBXFileReference; explicitFileType = wrapper.cfbundle; includeInIndex = 0; path = Tests/NSDictionary.xctest; sourceTree = BUILT_PRODUCTS_DIR; };
		BF98AEDD1776B8C60094B77C /* NSDictionary-Info.plist */ = {isa = PBXFileReference; lastKnownFileType = text.plist.xml; name = "NSDictionary-Info.plist"; path = "Tests/NSDictionary-Info.plist"; sourceTree = "<group>"; };
		BF98AEDF1776B8C60094B77C /* en */ = {isa = PBXFileReference; lastKnownFileType = text.plist.strings; name = en; path = en.lproj/InfoPlist.strings; sourceTree = "<group>"; };
		BF98AEE31776B8C60094B77C /* NSDictionary-Prefix.pch */ = {isa = PBXFileReference; lastKnownFileType = sourcecode.c.h; name = "NSDictionary-Prefix.pch"; path = "Tests/NSDictionary-Prefix.pch"; sourceTree = "<group>"; };
		BF98AEED1776B8CD0094B77C /* Tests/NSSet.xctest */ = {isa = PBXFileReference; explicitFileType = wrapper.cfbundle; includeInIndex = 0; path = Tests/NSSet.xctest; sourceTree = BUILT_PRODUCTS_DIR; };
		BF98AEF31776B8CD0094B77C /* NSSet-Info.plist */ = {isa = PBXFileReference; lastKnownFileType = text.plist.xml; name = "NSSet-Info.plist"; path = "Tests/NSSet-Info.plist"; sourceTree = "<group>"; };
		BF98AEF51776B8CD0094B77C /* en */ = {isa = PBXFileReference; lastKnownFileType = text.plist.strings; name = en; path = en.lproj/InfoPlist.strings; sourceTree = "<group>"; };
		BF98AEF91776B8CD0094B77C /* NSSet-Prefix.pch */ = {isa = PBXFileReference; lastKnownFileType = sourcecode.c.h; name = "NSSet-Prefix.pch"; path = "Tests/NSSet-Prefix.pch"; sourceTree = "<group>"; };
		BF98AEFF1776B8FE0094B77C /* NSArray+Collect+Test.m */ = {isa = PBXFileReference; fileEncoding = 4; lastKnownFileType = sourcecode.c.objc; path = "NSArray+Collect+Test.m"; sourceTree = "<group>"; };
		BF98AF001776B8FE0094B77C /* NSArray+CollectWithIndex+Test.m */ = {isa = PBXFileReference; fileEncoding = 4; lastKnownFileType = sourcecode.c.objc; path = "NSArray+CollectWithIndex+Test.m"; sourceTree = "<group>"; };
		BF98AF011776B8FE0094B77C /* NSArray+Detect+Test.m */ = {isa = PBXFileReference; fileEncoding = 4; lastKnownFileType = sourcecode.c.objc; path = "NSArray+Detect+Test.m"; sourceTree = "<group>"; };
		BF98AF021776B8FE0094B77C /* NSArray+Each+Test.m */ = {isa = PBXFileReference; fileEncoding = 4; lastKnownFileType = sourcecode.c.objc; path = "NSArray+Each+Test.m"; sourceTree = "<group>"; };
		BF98AF031776B8FE0094B77C /* NSArray+EachWithIndex+Test.m */ = {isa = PBXFileReference; fileEncoding = 4; lastKnownFileType = sourcecode.c.objc; path = "NSArray+EachWithIndex+Test.m"; sourceTree = "<group>"; };
		BF98AF041776B8FE0094B77C /* NSArray+Empty+Test.m */ = {isa = PBXFileReference; fileEncoding = 4; lastKnownFileType = sourcecode.c.objc; path = "NSArray+Empty+Test.m"; sourceTree = "<group>"; };
		BF98AF051776B8FE0094B77C /* NSArray+FindIndex+Test.m */ = {isa = PBXFileReference; fileEncoding = 4; lastKnownFileType = sourcecode.c.objc; path = "NSArray+FindIndex+Test.m"; sourceTree = "<group>"; };
		BF98AF061776B8FE0094B77C /* NSArray+FirstObject+Test.m */ = {isa = PBXFileReference; fileEncoding = 4; lastKnownFileType = sourcecode.c.objc; path = "NSArray+FirstObject+Test.m"; sourceTree = "<group>"; };
		BF98AF071776B8FE0094B77C /* NSArray+Inject+Test.m */ = {isa = PBXFileReference; fileEncoding = 4; lastKnownFileType = sourcecode.c.objc; path = "NSArray+Inject+Test.m"; sourceTree = "<group>"; };
		BF98AF081776B8FE0094B77C /* NSArray+Reject+Test.m */ = {isa = PBXFileReference; fileEncoding = 4; lastKnownFileType = sourcecode.c.objc; path = "NSArray+Reject+Test.m"; sourceTree = "<group>"; };
		BF98AF091776B8FE0094B77C /* NSArray+Select+Test.m */ = {isa = PBXFileReference; fileEncoding = 4; lastKnownFileType = sourcecode.c.objc; path = "NSArray+Select+Test.m"; sourceTree = "<group>"; };
		BF98AF151776B90F0094B77C /* NSDictionary+Each+Test.m */ = {isa = PBXFileReference; fileEncoding = 4; lastKnownFileType = sourcecode.c.objc; path = "NSDictionary+Each+Test.m"; sourceTree = "<group>"; };
		BF98AF161776B90F0094B77C /* NSDictionary+Inject+Test.m */ = {isa = PBXFileReference; fileEncoding = 4; lastKnownFileType = sourcecode.c.objc; path = "NSDictionary+Inject+Test.m"; sourceTree = "<group>"; };
		BF98AF171776B90F0094B77C /* NSDictionary+Select+Test.m */ = {isa = PBXFileReference; fileEncoding = 4; lastKnownFileType = sourcecode.c.objc; path = "NSDictionary+Select+Test.m"; sourceTree = "<group>"; };
		BF98AF1B1776B9210094B77C /* NSSet+Collect+Test.m */ = {isa = PBXFileReference; fileEncoding = 4; lastKnownFileType = sourcecode.c.objc; path = "NSSet+Collect+Test.m"; sourceTree = "<group>"; };
		BF98AF1C1776B9210094B77C /* NSSet+CollectWithIndex+Test.m */ = {isa = PBXFileReference; fileEncoding = 4; lastKnownFileType = sourcecode.c.objc; path = "NSSet+CollectWithIndex+Test.m"; sourceTree = "<group>"; };
		BF98AF1D1776B9210094B77C /* NSSet+Detect+Test.m */ = {isa = PBXFileReference; fileEncoding = 4; lastKnownFileType = sourcecode.c.objc; path = "NSSet+Detect+Test.m"; sourceTree = "<group>"; };
		BF98AF1E1776B9210094B77C /* NSSet+Each+Test.m */ = {isa = PBXFileReference; fileEncoding = 4; lastKnownFileType = sourcecode.c.objc; path = "NSSet+Each+Test.m"; sourceTree = "<group>"; };
		BF98AF1F1776B9210094B77C /* NSSet+EachWithIndex+Test.m */ = {isa = PBXFileReference; fileEncoding = 4; lastKnownFileType = sourcecode.c.objc; path = "NSSet+EachWithIndex+Test.m"; sourceTree = "<group>"; };
		BF98AF201776B9210094B77C /* NSSet+Empty+Test.m */ = {isa = PBXFileReference; fileEncoding = 4; lastKnownFileType = sourcecode.c.objc; path = "NSSet+Empty+Test.m"; sourceTree = "<group>"; };
		BF98AF211776B9210094B77C /* NSSet+Inject+Test.m */ = {isa = PBXFileReference; fileEncoding = 4; lastKnownFileType = sourcecode.c.objc; path = "NSSet+Inject+Test.m"; sourceTree = "<group>"; };
		BF98AF221776B9210094B77C /* NSSet+Reject+Test.m */ = {isa = PBXFileReference; fileEncoding = 4; lastKnownFileType = sourcecode.c.objc; path = "NSSet+Reject+Test.m"; sourceTree = "<group>"; };
		BF98AF231776B9210094B77C /* NSSet+Select+Test.m */ = {isa = PBXFileReference; fileEncoding = 4; lastKnownFileType = sourcecode.c.objc; path = "NSSet+Select+Test.m"; sourceTree = "<group>"; };
		D2AAC07E0554694100DB518D /* libMRCEnumerable.a */ = {isa = PBXFileReference; explicitFileType = archive.ar; includeInIndex = 0; path = libMRCEnumerable.a; sourceTree = BUILT_PRODUCTS_DIR; };
/* End PBXFileReference section */

/* Begin PBXFrameworksBuildPhase section */
		BF98AEBE1776B8BE0094B77C /* Frameworks */ = {
			isa = PBXFrameworksBuildPhase;
			buildActionMask = 2147483647;
			files = (
				BF4A33431776BA0B00D73643 /* libMRCEnumerable.a in Frameworks */,
				BF98AEC21776B8BE0094B77C /* XCTest.framework in Frameworks */,
				BF98AEC41776B8BE0094B77C /* UIKit.framework in Frameworks */,
				BF98AEC31776B8BE0094B77C /* Foundation.framework in Frameworks */,
			);
			runOnlyForDeploymentPostprocessing = 0;
		};
		BF98AED41776B8C60094B77C /* Frameworks */ = {
			isa = PBXFrameworksBuildPhase;
			buildActionMask = 2147483647;
			files = (
				BF4A33441776BA0E00D73643 /* libMRCEnumerable.a in Frameworks */,
				BF98AED81776B8C60094B77C /* XCTest.framework in Frameworks */,
				BF98AEDA1776B8C60094B77C /* UIKit.framework in Frameworks */,
				BF98AED91776B8C60094B77C /* Foundation.framework in Frameworks */,
			);
			runOnlyForDeploymentPostprocessing = 0;
		};
		BF98AEEA1776B8CD0094B77C /* Frameworks */ = {
			isa = PBXFrameworksBuildPhase;
			buildActionMask = 2147483647;
			files = (
				BF4A33451776BA1200D73643 /* libMRCEnumerable.a in Frameworks */,
				BF98AEEE1776B8CD0094B77C /* XCTest.framework in Frameworks */,
				BF98AEF01776B8CD0094B77C /* UIKit.framework in Frameworks */,
				BF98AEEF1776B8CD0094B77C /* Foundation.framework in Frameworks */,
			);
			runOnlyForDeploymentPostprocessing = 0;
		};
		D2AAC07C0554694100DB518D /* Frameworks */ = {
			isa = PBXFrameworksBuildPhase;
			buildActionMask = 2147483647;
			files = (
				AACBBE4A0F95108600F1A2B1 /* Foundation.framework in Frameworks */,
			);
			runOnlyForDeploymentPostprocessing = 0;
		};
/* End PBXFrameworksBuildPhase section */

/* Begin PBXGroup section */
		034768DFFF38A50411DB9C8B /* Products */ = {
			isa = PBXGroup;
			children = (
				D2AAC07E0554694100DB518D /* libMRCEnumerable.a */,
				BF98AEC11776B8BE0094B77C /* Tests/NSArray.xctest */,
				BF98AED71776B8C60094B77C /* Tests/NSDictionary.xctest */,
				BF98AEED1776B8CD0094B77C /* Tests/NSSet.xctest */,
			);
			name = Products;
			sourceTree = "<group>";
		};
		0867D691FE84028FC02AAC07 /* MRCEnumerable */ = {
			isa = PBXGroup;
			children = (
				BF42C873177EF8340057E88B /* Classes */,
				BF98AF2D1776B92B0094B77C /* Tests */,
				32C88DFF0371C24200C91783 /* Other Sources */,
				0867D69AFE84028FC02AAC07 /* Frameworks */,
				034768DFFF38A50411DB9C8B /* Products */,
				BF832A0A12929C90002BF27D /* README.md */,
				BF42C872177EF5F90057E88B /* MRCEnumerable.podspec */,
			);
			name = MRCEnumerable;
			sourceTree = "<group>";
		};
		0867D69AFE84028FC02AAC07 /* Frameworks */ = {
			isa = PBXGroup;
			children = (
				AACBBE490F95108600F1A2B1 /* Foundation.framework */,
				BF83274E12928536002BF27D /* UIKit.framework */,
				BF83274B12928536002BF27D /* CoreGraphics.framework */,
				BF4B20561776AFD00046078A /* XCTest.framework */,
			);
			name = Frameworks;
			sourceTree = "<group>";
		};
		32C88DFF0371C24200C91783 /* Other Sources */ = {
			isa = PBXGroup;
			children = (
				AA747D9E0F9514B9006C5449 /* MRCEnumerable_Prefix.pch */,
			);
			name = "Other Sources";
			sourceTree = "<group>";
		};
		BF42C873177EF8340057E88B /* Classes */ = {
			isa = PBXGroup;
			children = (
				BF42C874177EF8340057E88B /* MRCEnumerable.h */,
				BF42C875177EF8340057E88B /* NSArray+Enumerable.h */,
				BF42C876177EF8340057E88B /* NSArray+Enumerable.m */,
				BF42C877177EF8340057E88B /* NSArray+Utilities.h */,
				BF42C878177EF8340057E88B /* NSArray+Utilities.m */,
				BF42C879177EF8340057E88B /* NSDictionary+Enumerable.h */,
				BF42C87A177EF8340057E88B /* NSDictionary+Enumerable.m */,
				BF42C87B177EF8340057E88B /* NSSet+Enumerable.h */,
				BF42C87C177EF8340057E88B /* NSSet+Enumerable.m */,
				BF42C87D177EF8340057E88B /* NSSet+Utilities.h */,
				BF42C87E177EF8340057E88B /* NSSet+Utilities.m */,
			);
			path = Classes;
			sourceTree = "<group>";
		};
		BF98AEC51776B8BE0094B77C /* NSArray */ = {
			isa = PBXGroup;
			children = (
				BF98AEFF1776B8FE0094B77C /* NSArray+Collect+Test.m */,
				BF98AF001776B8FE0094B77C /* NSArray+CollectWithIndex+Test.m */,
				BF98AF011776B8FE0094B77C /* NSArray+Detect+Test.m */,
				BF98AF021776B8FE0094B77C /* NSArray+Each+Test.m */,
				BF98AF031776B8FE0094B77C /* NSArray+EachWithIndex+Test.m */,
				BF98AF041776B8FE0094B77C /* NSArray+Empty+Test.m */,
				BF98AF051776B8FE0094B77C /* NSArray+FindIndex+Test.m */,
				BF98AF061776B8FE0094B77C /* NSArray+FirstObject+Test.m */,
				BF98AF071776B8FE0094B77C /* NSArray+Inject+Test.m */,
				BF98AF081776B8FE0094B77C /* NSArray+Reject+Test.m */,
				BF98AF091776B8FE0094B77C /* NSArray+Select+Test.m */,
				BF0A91FA1776C76000C461D2 /* NSArray+Join+Test.m */,
				BF98AEC61776B8BE0094B77C /* Supporting Files */,
			);
			name = NSArray;
			path = Tests/NSArray;
			sourceTree = "<group>";
		};
		BF98AEC61776B8BE0094B77C /* Supporting Files */ = {
			isa = PBXGroup;
			children = (
				BF98AEC71776B8BE0094B77C /* NSArray-Info.plist */,
				BF98AEC81776B8BE0094B77C /* InfoPlist.strings */,
				BF98AECD1776B8BE0094B77C /* NSArray-Prefix.pch */,
			);
			name = "Supporting Files";
			sourceTree = "<group>";
		};
		BF98AEDB1776B8C60094B77C /* NSDictionary */ = {
			isa = PBXGroup;
			children = (
				BF98AF151776B90F0094B77C /* NSDictionary+Each+Test.m */,
				BF98AF161776B90F0094B77C /* NSDictionary+Inject+Test.m */,
				BF98AF171776B90F0094B77C /* NSDictionary+Select+Test.m */,
				BF98AEDC1776B8C60094B77C /* Supporting Files */,
			);
			name = NSDictionary;
			path = Tests/NSDictionary;
			sourceTree = "<group>";
		};
		BF98AEDC1776B8C60094B77C /* Supporting Files */ = {
			isa = PBXGroup;
			children = (
				BF98AEDD1776B8C60094B77C /* NSDictionary-Info.plist */,
				BF98AEDE1776B8C60094B77C /* InfoPlist.strings */,
				BF98AEE31776B8C60094B77C /* NSDictionary-Prefix.pch */,
			);
			name = "Supporting Files";
			sourceTree = "<group>";
		};
		BF98AEF11776B8CD0094B77C /* NSSet */ = {
			isa = PBXGroup;
			children = (
				BF98AF1B1776B9210094B77C /* NSSet+Collect+Test.m */,
				BF98AF1C1776B9210094B77C /* NSSet+CollectWithIndex+Test.m */,
				BF98AF1D1776B9210094B77C /* NSSet+Detect+Test.m */,
				BF98AF1E1776B9210094B77C /* NSSet+Each+Test.m */,
				BF98AF1F1776B9210094B77C /* NSSet+EachWithIndex+Test.m */,
				BF98AF201776B9210094B77C /* NSSet+Empty+Test.m */,
				BF98AF211776B9210094B77C /* NSSet+Inject+Test.m */,
				BF98AF221776B9210094B77C /* NSSet+Reject+Test.m */,
				BF98AF231776B9210094B77C /* NSSet+Select+Test.m */,
				BF98AEF21776B8CD0094B77C /* Supporting Files */,
			);
			name = NSSet;
			path = Tests/NSSet;
			sourceTree = "<group>";
		};
		BF98AEF21776B8CD0094B77C /* Supporting Files */ = {
			isa = PBXGroup;
			children = (
				BF98AEF31776B8CD0094B77C /* NSSet-Info.plist */,
				BF98AEF41776B8CD0094B77C /* InfoPlist.strings */,
				BF98AEF91776B8CD0094B77C /* NSSet-Prefix.pch */,
			);
			name = "Supporting Files";
			sourceTree = "<group>";
		};
		BF98AF2D1776B92B0094B77C /* Tests */ = {
			isa = PBXGroup;
			children = (
				BF98AEF11776B8CD0094B77C /* NSSet */,
				BF98AEDB1776B8C60094B77C /* NSDictionary */,
				BF98AEC51776B8BE0094B77C /* NSArray */,
			);
			name = Tests;
			sourceTree = "<group>";
		};
/* End PBXGroup section */

/* Begin PBXHeadersBuildPhase section */
		D2AAC07A0554694100DB518D /* Headers */ = {
			isa = PBXHeadersBuildPhase;
			buildActionMask = 2147483647;
			files = (
				BF42C882177EF8340057E88B /* NSArray+Utilities.h in Headers */,
				BF42C888177EF8340057E88B /* NSSet+Utilities.h in Headers */,
				AA747D9F0F9514B9006C5449 /* MRCEnumerable_Prefix.pch in Headers */,
				BF42C880177EF8340057E88B /* NSArray+Enumerable.h in Headers */,
				BF42C87F177EF8340057E88B /* MRCEnumerable.h in Headers */,
				BF42C886177EF8340057E88B /* NSSet+Enumerable.h in Headers */,
				BF42C884177EF8340057E88B /* NSDictionary+Enumerable.h in Headers */,
			);
			runOnlyForDeploymentPostprocessing = 0;
		};
/* End PBXHeadersBuildPhase section */

/* Begin PBXNativeTarget section */
		BF98AEC01776B8BE0094B77C /* Tests/NSArray */ = {
			isa = PBXNativeTarget;
			buildConfigurationList = BF98AED21776B8BE0094B77C /* Build configuration list for PBXNativeTarget "Tests/NSArray" */;
			buildPhases = (
				BF98AEBD1776B8BE0094B77C /* Sources */,
				BF98AEBE1776B8BE0094B77C /* Frameworks */,
				BF98AEBF1776B8BE0094B77C /* Resources */,
			);
			buildRules = (
			);
			dependencies = (
				BF98AECF1776B8BE0094B77C /* PBXTargetDependency */,
			);
			name = Tests/NSArray;
			productName = Tests/NSArray;
			productReference = BF98AEC11776B8BE0094B77C /* Tests/NSArray.xctest */;
			productType = "com.apple.product-type.bundle.unit-test";
		};
		BF98AED61776B8C60094B77C /* Tests/NSDictionary */ = {
			isa = PBXNativeTarget;
			buildConfigurationList = BF98AEE61776B8C60094B77C /* Build configuration list for PBXNativeTarget "Tests/NSDictionary" */;
			buildPhases = (
				BF98AED31776B8C60094B77C /* Sources */,
				BF98AED41776B8C60094B77C /* Frameworks */,
				BF98AED51776B8C60094B77C /* Resources */,
			);
			buildRules = (
			);
			dependencies = (
				BF98AEE51776B8C60094B77C /* PBXTargetDependency */,
			);
			name = Tests/NSDictionary;
			productName = Tests/NSDictionary;
			productReference = BF98AED71776B8C60094B77C /* Tests/NSDictionary.xctest */;
			productType = "com.apple.product-type.bundle.unit-test";
		};
		BF98AEEC1776B8CD0094B77C /* Tests/NSSet */ = {
			isa = PBXNativeTarget;
			buildConfigurationList = BF98AEFC1776B8CD0094B77C /* Build configuration list for PBXNativeTarget "Tests/NSSet" */;
			buildPhases = (
				BF98AEE91776B8CD0094B77C /* Sources */,
				BF98AEEA1776B8CD0094B77C /* Frameworks */,
				BF98AEEB1776B8CD0094B77C /* Resources */,
			);
			buildRules = (
			);
			dependencies = (
				BF98AEFB1776B8CD0094B77C /* PBXTargetDependency */,
			);
			name = Tests/NSSet;
			productName = Tests/NSSet;
			productReference = BF98AEED1776B8CD0094B77C /* Tests/NSSet.xctest */;
			productType = "com.apple.product-type.bundle.unit-test";
		};
		D2AAC07D0554694100DB518D /* MRCEnumerable */ = {
			isa = PBXNativeTarget;
			buildConfigurationList = 1DEB921E08733DC00010E9CD /* Build configuration list for PBXNativeTarget "MRCEnumerable" */;
			buildPhases = (
				D2AAC07A0554694100DB518D /* Headers */,
				D2AAC07B0554694100DB518D /* Sources */,
				D2AAC07C0554694100DB518D /* Frameworks */,
			);
			buildRules = (
			);
			dependencies = (
			);
			name = MRCEnumerable;
			productName = MRCEnumerable;
			productReference = D2AAC07E0554694100DB518D /* libMRCEnumerable.a */;
			productType = "com.apple.product-type.library.static";
		};
/* End PBXNativeTarget section */

/* Begin PBXProject section */
		0867D690FE84028FC02AAC07 /* Project object */ = {
			isa = PBXProject;
			attributes = {
				LastUpgradeCheck = 0500;
				TargetAttributes = {
					BF98AEC01776B8BE0094B77C = {
						TestTargetID = D2AAC07D0554694100DB518D;
					};
					BF98AED61776B8C60094B77C = {
						TestTargetID = D2AAC07D0554694100DB518D;
					};
					BF98AEEC1776B8CD0094B77C = {
						TestTargetID = D2AAC07D0554694100DB518D;
					};
				};
			};
			buildConfigurationList = 1DEB922208733DC00010E9CD /* Build configuration list for PBXProject "MRCEnumerable" */;
			compatibilityVersion = "Xcode 3.2";
			developmentRegion = English;
			hasScannedForEncodings = 1;
			knownRegions = (
				English,
				Japanese,
				French,
				German,
				en,
			);
			mainGroup = 0867D691FE84028FC02AAC07 /* MRCEnumerable */;
			productRefGroup = 034768DFFF38A50411DB9C8B /* Products */;
			projectDirPath = "";
			projectRoot = "";
			targets = (
				D2AAC07D0554694100DB518D /* MRCEnumerable */,
				BF98AEC01776B8BE0094B77C /* Tests/NSArray */,
				BF98AED61776B8C60094B77C /* Tests/NSDictionary */,
				BF98AEEC1776B8CD0094B77C /* Tests/NSSet */,
			);
		};
/* End PBXProject section */

/* Begin PBXResourcesBuildPhase section */
		BF98AEBF1776B8BE0094B77C /* Resources */ = {
			isa = PBXResourcesBuildPhase;
			buildActionMask = 2147483647;
			files = (
				BF98AECA1776B8BE0094B77C /* InfoPlist.strings in Resources */,
			);
			runOnlyForDeploymentPostprocessing = 0;
		};
		BF98AED51776B8C60094B77C /* Resources */ = {
			isa = PBXResourcesBuildPhase;
			buildActionMask = 2147483647;
			files = (
				BF98AEE01776B8C60094B77C /* InfoPlist.strings in Resources */,
			);
			runOnlyForDeploymentPostprocessing = 0;
		};
		BF98AEEB1776B8CD0094B77C /* Resources */ = {
			isa = PBXResourcesBuildPhase;
			buildActionMask = 2147483647;
			files = (
				BF98AEF61776B8CD0094B77C /* InfoPlist.strings in Resources */,
			);
			runOnlyForDeploymentPostprocessing = 0;
		};
/* End PBXResourcesBuildPhase section */

/* Begin PBXSourcesBuildPhase section */
		BF98AEBD1776B8BE0094B77C /* Sources */ = {
			isa = PBXSourcesBuildPhase;
			buildActionMask = 2147483647;
			files = (
				BF98AF0F1776B8FE0094B77C /* NSArray+Empty+Test.m in Sources */,
				BF98AF141776B8FE0094B77C /* NSArray+Select+Test.m in Sources */,
				BF98AF101776B8FE0094B77C /* NSArray+FindIndex+Test.m in Sources */,
				BF98AF121776B8FE0094B77C /* NSArray+Inject+Test.m in Sources */,
				BF0A91FB1776C76000C461D2 /* NSArray+Join+Test.m in Sources */,
				BF98AF0A1776B8FE0094B77C /* NSArray+Collect+Test.m in Sources */,
				BF98AF0B1776B8FE0094B77C /* NSArray+CollectWithIndex+Test.m in Sources */,
				BF98AF0D1776B8FE0094B77C /* NSArray+Each+Test.m in Sources */,
				BF98AF111776B8FE0094B77C /* NSArray+FirstObject+Test.m in Sources */,
				BF98AF0E1776B8FE0094B77C /* NSArray+EachWithIndex+Test.m in Sources */,
				BF98AF131776B8FE0094B77C /* NSArray+Reject+Test.m in Sources */,
				BF98AF0C1776B8FE0094B77C /* NSArray+Detect+Test.m in Sources */,
			);
			runOnlyForDeploymentPostprocessing = 0;
		};
		BF98AED31776B8C60094B77C /* Sources */ = {
			isa = PBXSourcesBuildPhase;
			buildActionMask = 2147483647;
			files = (
				BF98AF191776B90F0094B77C /* NSDictionary+Inject+Test.m in Sources */,
				BF98AF1A1776B90F0094B77C /* NSDictionary+Select+Test.m in Sources */,
				BF98AF181776B90F0094B77C /* NSDictionary+Each+Test.m in Sources */,
			);
			runOnlyForDeploymentPostprocessing = 0;
		};
		BF98AEE91776B8CD0094B77C /* Sources */ = {
			isa = PBXSourcesBuildPhase;
			buildActionMask = 2147483647;
			files = (
				BF98AF2B1776B9210094B77C /* NSSet+Reject+Test.m in Sources */,
				BF98AF2C1776B9210094B77C /* NSSet+Select+Test.m in Sources */,
				BF98AF271776B9210094B77C /* NSSet+Each+Test.m in Sources */,
				BF98AF281776B9210094B77C /* NSSet+EachWithIndex+Test.m in Sources */,
				BF98AF251776B9210094B77C /* NSSet+CollectWithIndex+Test.m in Sources */,
				BF98AF241776B9210094B77C /* NSSet+Collect+Test.m in Sources */,
				BF98AF261776B9210094B77C /* NSSet+Detect+Test.m in Sources */,
				BF98AF291776B9210094B77C /* NSSet+Empty+Test.m in Sources */,
				BF98AF2A1776B9210094B77C /* NSSet+Inject+Test.m in Sources */,
			);
			runOnlyForDeploymentPostprocessing = 0;
		};
		D2AAC07B0554694100DB518D /* Sources */ = {
			isa = PBXSourcesBuildPhase;
			buildActionMask = 2147483647;
			files = (
				BF42C881177EF8340057E88B /* NSArray+Enumerable.m in Sources */,
				BF42C887177EF8340057E88B /* NSSet+Enumerable.m in Sources */,
				BF42C883177EF8340057E88B /* NSArray+Utilities.m in Sources */,
				BF42C885177EF8340057E88B /* NSDictionary+Enumerable.m in Sources */,
				BF42C889177EF8340057E88B /* NSSet+Utilities.m in Sources */,
			);
			runOnlyForDeploymentPostprocessing = 0;
		};
/* End PBXSourcesBuildPhase section */

/* Begin PBXTargetDependency section */
		BF98AECF1776B8BE0094B77C /* PBXTargetDependency */ = {
			isa = PBXTargetDependency;
			target = D2AAC07D0554694100DB518D /* MRCEnumerable */;
			targetProxy = BF98AECE1776B8BE0094B77C /* PBXContainerItemProxy */;
		};
		BF98AEE51776B8C60094B77C /* PBXTargetDependency */ = {
			isa = PBXTargetDependency;
			target = D2AAC07D0554694100DB518D /* MRCEnumerable */;
			targetProxy = BF98AEE41776B8C60094B77C /* PBXContainerItemProxy */;
		};
		BF98AEFB1776B8CD0094B77C /* PBXTargetDependency */ = {
			isa = PBXTargetDependency;
			target = D2AAC07D0554694100DB518D /* MRCEnumerable */;
			targetProxy = BF98AEFA1776B8CD0094B77C /* PBXContainerItemProxy */;
		};
/* End PBXTargetDependency section */

/* Begin PBXVariantGroup section */
		BF98AEC81776B8BE0094B77C /* InfoPlist.strings */ = {
			isa = PBXVariantGroup;
			children = (
				BF98AEC91776B8BE0094B77C /* en */,
			);
			name = InfoPlist.strings;
			sourceTree = "<group>";
		};
		BF98AEDE1776B8C60094B77C /* InfoPlist.strings */ = {
			isa = PBXVariantGroup;
			children = (
				BF98AEDF1776B8C60094B77C /* en */,
			);
			name = InfoPlist.strings;
			sourceTree = "<group>";
		};
		BF98AEF41776B8CD0094B77C /* InfoPlist.strings */ = {
			isa = PBXVariantGroup;
			children = (
				BF98AEF51776B8CD0094B77C /* en */,
			);
			name = InfoPlist.strings;
			sourceTree = "<group>";
		};
/* End PBXVariantGroup section */

/* Begin XCBuildConfiguration section */
		1DEB921F08733DC00010E9CD /* Debug */ = {
			isa = XCBuildConfiguration;
			buildSettings = {
				ALWAYS_SEARCH_USER_PATHS = NO;
				COPY_PHASE_STRIP = NO;
				DSTROOT = /tmp/MRCEnumerable.dst;
				FRAMEWORK_SEARCH_PATHS = (
					"$(inherited)",
					"\"$(SRCROOT)/../../workspace/iphone/gh-unit/Project-IPhone/build/Framework\"",
				);
				GCC_DYNAMIC_NO_PIC = NO;
				GCC_MODEL_TUNING = G5;
				GCC_OPTIMIZATION_LEVEL = 0;
				GCC_PRECOMPILE_PREFIX_HEADER = YES;
				GCC_PREFIX_HEADER = MRCEnumerable_Prefix.pch;
				GCC_THUMB_SUPPORT = NO;
				INSTALL_PATH = /usr/local/lib;
				PRODUCT_NAME = MRCEnumerable;
				SDKROOT = iphoneos;
				SUPPORTED_PLATFORMS = "iphonesimulator iphoneos macosx";
				VALID_ARCHS = "armv6 armv7 x86_64";
			};
			name = Debug;
		};
		1DEB922008733DC00010E9CD /* Release */ = {
			isa = XCBuildConfiguration;
			buildSettings = {
				ALWAYS_SEARCH_USER_PATHS = NO;
				DSTROOT = /tmp/MRCEnumerable.dst;
				FRAMEWORK_SEARCH_PATHS = (
					"$(inherited)",
					"\"$(SRCROOT)/../../workspace/iphone/gh-unit/Project-IPhone/build/Framework\"",
				);
				GCC_MODEL_TUNING = G5;
				GCC_PRECOMPILE_PREFIX_HEADER = YES;
				GCC_PREFIX_HEADER = MRCEnumerable_Prefix.pch;
				GCC_THUMB_SUPPORT = NO;
				INSTALL_PATH = /usr/local/lib;
				PRODUCT_NAME = MRCEnumerable;
				SDKROOT = iphoneos;
				SUPPORTED_PLATFORMS = "iphonesimulator iphoneos macosx";
				VALID_ARCHS = "armv6 armv7 x86_64";
			};
			name = Release;
		};
		1DEB922308733DC00010E9CD /* Debug */ = {
			isa = XCBuildConfiguration;
			buildSettings = {
				CODE_SIGN_IDENTITY = "";
				GCC_C_LANGUAGE_STANDARD = c99;
				GCC_OPTIMIZATION_LEVEL = 0;
				GCC_THUMB_SUPPORT = NO;
				GCC_WARN_ABOUT_RETURN_TYPE = YES;
				GCC_WARN_UNUSED_VARIABLE = YES;
				IPHONEOS_DEPLOYMENT_TARGET = 4.0;
				ONLY_ACTIVE_ARCH = YES;
				OTHER_LDFLAGS = "-ObjC";
				SDKROOT = iphoneos;
				SKIP_INSTALL = YES;
				VALID_ARCHS = "armv6 armv7";
			};
			name = Debug;
		};
		1DEB922408733DC00010E9CD /* Release */ = {
			isa = XCBuildConfiguration;
			buildSettings = {
				CODE_SIGN_IDENTITY = "";
				GCC_C_LANGUAGE_STANDARD = c99;
				GCC_THUMB_SUPPORT = NO;
				GCC_WARN_ABOUT_RETURN_TYPE = YES;
				GCC_WARN_UNUSED_VARIABLE = YES;
				IPHONEOS_DEPLOYMENT_TARGET = 4.0;
				OTHER_LDFLAGS = "-ObjC";
				SDKROOT = iphoneos;
				SKIP_INSTALL = YES;
				VALID_ARCHS = "armv6 armv7";
			};
			name = Release;
		};
		BF98AED01776B8BE0094B77C /* Debug */ = {
			isa = XCBuildConfiguration;
			buildSettings = {
				ALWAYS_SEARCH_USER_PATHS = NO;
				CLANG_CXX_LANGUAGE_STANDARD = "gnu++0x";
				CLANG_CXX_LIBRARY = "libc++";
				CLANG_ENABLE_MODULES = YES;
				CLANG_ENABLE_OBJC_ARC = YES;
				CLANG_WARN_BOOL_CONVERSION = YES;
				CLANG_WARN_CONSTANT_CONVERSION = YES;
				CLANG_WARN_DIRECT_OBJC_ISA_USAGE = YES_ERROR;
				CLANG_WARN_EMPTY_BODY = YES;
				CLANG_WARN_ENUM_CONVERSION = YES;
				CLANG_WARN_INT_CONVERSION = YES;
				CLANG_WARN_OBJC_ROOT_CLASS = YES_ERROR;
				CLANG_WARN__DUPLICATE_METHOD_MATCH = YES;
				COPY_PHASE_STRIP = NO;
				FRAMEWORK_SEARCH_PATHS = (
					"$(SDKROOT)/Developer/Library/Frameworks",
					"$(inherited)",
					"$(SYSTEM_APPS_DIR)/Xcode5-DP.app/Contents/Developer/Library/Frameworks",
				);
				GCC_C_LANGUAGE_STANDARD = gnu99;
				GCC_DYNAMIC_NO_PIC = NO;
				GCC_PRECOMPILE_PREFIX_HEADER = YES;
				GCC_PREFIX_HEADER = "Tests/NSArray/Tests/NSArray-Prefix.pch";
				GCC_PREPROCESSOR_DEFINITIONS = (
					"DEBUG=1",
					"$(inherited)",
				);
				GCC_SYMBOLS_PRIVATE_EXTERN = NO;
				GCC_WARN_ABOUT_RETURN_TYPE = YES_ERROR;
				GCC_WARN_UNDECLARED_SELECTOR = YES;
				GCC_WARN_UNINITIALIZED_AUTOS = YES;
				GCC_WARN_UNUSED_FUNCTION = YES;
				INFOPLIST_FILE = "Tests/NSArray/Tests/NSArray-Info.plist";
				IPHONEOS_DEPLOYMENT_TARGET = 7.0;
				PRODUCT_NAME = "$(TARGET_NAME)";
				WRAPPER_EXTENSION = xctest;
			};
			name = Debug;
		};
		BF98AED11776B8BE0094B77C /* Release */ = {
			isa = XCBuildConfiguration;
			buildSettings = {
				ALWAYS_SEARCH_USER_PATHS = NO;
				CLANG_CXX_LANGUAGE_STANDARD = "gnu++0x";
				CLANG_CXX_LIBRARY = "libc++";
				CLANG_ENABLE_MODULES = YES;
				CLANG_ENABLE_OBJC_ARC = YES;
				CLANG_WARN_BOOL_CONVERSION = YES;
				CLANG_WARN_CONSTANT_CONVERSION = YES;
				CLANG_WARN_DIRECT_OBJC_ISA_USAGE = YES_ERROR;
				CLANG_WARN_EMPTY_BODY = YES;
				CLANG_WARN_ENUM_CONVERSION = YES;
				CLANG_WARN_INT_CONVERSION = YES;
				CLANG_WARN_OBJC_ROOT_CLASS = YES_ERROR;
				CLANG_WARN__DUPLICATE_METHOD_MATCH = YES;
				COPY_PHASE_STRIP = YES;
				ENABLE_NS_ASSERTIONS = NO;
				FRAMEWORK_SEARCH_PATHS = (
					"$(SDKROOT)/Developer/Library/Frameworks",
					"$(inherited)",
					"$(SYSTEM_APPS_DIR)/Xcode5-DP.app/Contents/Developer/Library/Frameworks",
				);
				GCC_C_LANGUAGE_STANDARD = gnu99;
				GCC_PRECOMPILE_PREFIX_HEADER = YES;
				GCC_PREFIX_HEADER = "Tests/NSArray/Tests/NSArray-Prefix.pch";
				GCC_WARN_ABOUT_RETURN_TYPE = YES_ERROR;
				GCC_WARN_UNDECLARED_SELECTOR = YES;
				GCC_WARN_UNINITIALIZED_AUTOS = YES;
				GCC_WARN_UNUSED_FUNCTION = YES;
				INFOPLIST_FILE = "Tests/NSArray/Tests/NSArray-Info.plist";
				IPHONEOS_DEPLOYMENT_TARGET = 7.0;
				PRODUCT_NAME = "$(TARGET_NAME)";
				VALIDATE_PRODUCT = YES;
				WRAPPER_EXTENSION = xctest;
			};
			name = Release;
		};
		BF98AEE71776B8C60094B77C /* Debug */ = {
			isa = XCBuildConfiguration;
			buildSettings = {
				ALWAYS_SEARCH_USER_PATHS = NO;
				CLANG_CXX_LANGUAGE_STANDARD = "gnu++0x";
				CLANG_CXX_LIBRARY = "libc++";
				CLANG_ENABLE_MODULES = YES;
				CLANG_ENABLE_OBJC_ARC = YES;
				CLANG_WARN_BOOL_CONVERSION = YES;
				CLANG_WARN_CONSTANT_CONVERSION = YES;
				CLANG_WARN_DIRECT_OBJC_ISA_USAGE = YES_ERROR;
				CLANG_WARN_EMPTY_BODY = YES;
				CLANG_WARN_ENUM_CONVERSION = YES;
				CLANG_WARN_INT_CONVERSION = YES;
				CLANG_WARN_OBJC_ROOT_CLASS = YES_ERROR;
				CLANG_WARN__DUPLICATE_METHOD_MATCH = YES;
				COPY_PHASE_STRIP = NO;
				FRAMEWORK_SEARCH_PATHS = (
					"$(SDKROOT)/Developer/Library/Frameworks",
					"$(inherited)",
					"$(SYSTEM_APPS_DIR)/Xcode5-DP.app/Contents/Developer/Library/Frameworks",
				);
				GCC_C_LANGUAGE_STANDARD = gnu99;
				GCC_DYNAMIC_NO_PIC = NO;
				GCC_PRECOMPILE_PREFIX_HEADER = YES;
				GCC_PREFIX_HEADER = "Tests/NSDictionary/Tests/NSDictionary-Prefix.pch";
				GCC_PREPROCESSOR_DEFINITIONS = (
					"DEBUG=1",
					"$(inherited)",
				);
				GCC_SYMBOLS_PRIVATE_EXTERN = NO;
				GCC_WARN_ABOUT_RETURN_TYPE = YES_ERROR;
				GCC_WARN_UNDECLARED_SELECTOR = YES;
				GCC_WARN_UNINITIALIZED_AUTOS = YES;
				GCC_WARN_UNUSED_FUNCTION = YES;
				INFOPLIST_FILE = "Tests/NSDictionary/Tests/NSDictionary-Info.plist";
				IPHONEOS_DEPLOYMENT_TARGET = 7.0;
				PRODUCT_NAME = "$(TARGET_NAME)";
				WRAPPER_EXTENSION = xctest;
			};
			name = Debug;
		};
		BF98AEE81776B8C60094B77C /* Release */ = {
			isa = XCBuildConfiguration;
			buildSettings = {
				ALWAYS_SEARCH_USER_PATHS = NO;
				CLANG_CXX_LANGUAGE_STANDARD = "gnu++0x";
				CLANG_CXX_LIBRARY = "libc++";
				CLANG_ENABLE_MODULES = YES;
				CLANG_ENABLE_OBJC_ARC = YES;
				CLANG_WARN_BOOL_CONVERSION = YES;
				CLANG_WARN_CONSTANT_CONVERSION = YES;
				CLANG_WARN_DIRECT_OBJC_ISA_USAGE = YES_ERROR;
				CLANG_WARN_EMPTY_BODY = YES;
				CLANG_WARN_ENUM_CONVERSION = YES;
				CLANG_WARN_INT_CONVERSION = YES;
				CLANG_WARN_OBJC_ROOT_CLASS = YES_ERROR;
				CLANG_WARN__DUPLICATE_METHOD_MATCH = YES;
				COPY_PHASE_STRIP = YES;
				ENABLE_NS_ASSERTIONS = NO;
				FRAMEWORK_SEARCH_PATHS = (
					"$(SDKROOT)/Developer/Library/Frameworks",
					"$(inherited)",
					"$(SYSTEM_APPS_DIR)/Xcode5-DP.app/Contents/Developer/Library/Frameworks",
				);
				GCC_C_LANGUAGE_STANDARD = gnu99;
				GCC_PRECOMPILE_PREFIX_HEADER = YES;
				GCC_PREFIX_HEADER = "Tests/NSDictionary/Tests/NSDictionary-Prefix.pch";
				GCC_WARN_ABOUT_RETURN_TYPE = YES_ERROR;
				GCC_WARN_UNDECLARED_SELECTOR = YES;
				GCC_WARN_UNINITIALIZED_AUTOS = YES;
				GCC_WARN_UNUSED_FUNCTION = YES;
				INFOPLIST_FILE = "Tests/NSDictionary/Tests/NSDictionary-Info.plist";
				IPHONEOS_DEPLOYMENT_TARGET = 7.0;
				PRODUCT_NAME = "$(TARGET_NAME)";
				VALIDATE_PRODUCT = YES;
				WRAPPER_EXTENSION = xctest;
			};
			name = Release;
		};
		BF98AEFD1776B8CD0094B77C /* Debug */ = {
			isa = XCBuildConfiguration;
			buildSettings = {
				ALWAYS_SEARCH_USER_PATHS = NO;
				CLANG_CXX_LANGUAGE_STANDARD = "gnu++0x";
				CLANG_CXX_LIBRARY = "libc++";
				CLANG_ENABLE_MODULES = YES;
				CLANG_ENABLE_OBJC_ARC = YES;
				CLANG_WARN_BOOL_CONVERSION = YES;
				CLANG_WARN_CONSTANT_CONVERSION = YES;
				CLANG_WARN_DIRECT_OBJC_ISA_USAGE = YES_ERROR;
				CLANG_WARN_EMPTY_BODY = YES;
				CLANG_WARN_ENUM_CONVERSION = YES;
				CLANG_WARN_INT_CONVERSION = YES;
				CLANG_WARN_OBJC_ROOT_CLASS = YES_ERROR;
				CLANG_WARN__DUPLICATE_METHOD_MATCH = YES;
				COPY_PHASE_STRIP = NO;
				FRAMEWORK_SEARCH_PATHS = (
					"$(SDKROOT)/Developer/Library/Frameworks",
					"$(inherited)",
					"$(SYSTEM_APPS_DIR)/Xcode5-DP.app/Contents/Developer/Library/Frameworks",
				);
				GCC_C_LANGUAGE_STANDARD = gnu99;
				GCC_DYNAMIC_NO_PIC = NO;
				GCC_PRECOMPILE_PREFIX_HEADER = YES;
				GCC_PREFIX_HEADER = "Tests/NSSet/Tests/NSSet-Prefix.pch";
				GCC_PREPROCESSOR_DEFINITIONS = (
					"DEBUG=1",
					"$(inherited)",
				);
				GCC_SYMBOLS_PRIVATE_EXTERN = NO;
				GCC_WARN_ABOUT_RETURN_TYPE = YES_ERROR;
				GCC_WARN_UNDECLARED_SELECTOR = YES;
				GCC_WARN_UNINITIALIZED_AUTOS = YES;
				GCC_WARN_UNUSED_FUNCTION = YES;
				INFOPLIST_FILE = "Tests/NSSet/Tests/NSSet-Info.plist";
				IPHONEOS_DEPLOYMENT_TARGET = 7.0;
				PRODUCT_NAME = "$(TARGET_NAME)";
				WRAPPER_EXTENSION = xctest;
			};
			name = Debug;
		};
		BF98AEFE1776B8CD0094B77C /* Release */ = {
			isa = XCBuildConfiguration;
			buildSettings = {
				ALWAYS_SEARCH_USER_PATHS = NO;
				CLANG_CXX_LANGUAGE_STANDARD = "gnu++0x";
				CLANG_CXX_LIBRARY = "libc++";
				CLANG_ENABLE_MODULES = YES;
				CLANG_ENABLE_OBJC_ARC = YES;
				CLANG_WARN_BOOL_CONVERSION = YES;
				CLANG_WARN_CONSTANT_CONVERSION = YES;
				CLANG_WARN_DIRECT_OBJC_ISA_USAGE = YES_ERROR;
				CLANG_WARN_EMPTY_BODY = YES;
				CLANG_WARN_ENUM_CONVERSION = YES;
				CLANG_WARN_INT_CONVERSION = YES;
				CLANG_WARN_OBJC_ROOT_CLASS = YES_ERROR;
				CLANG_WARN__DUPLICATE_METHOD_MATCH = YES;
				COPY_PHASE_STRIP = YES;
				ENABLE_NS_ASSERTIONS = NO;
				FRAMEWORK_SEARCH_PATHS = (
					"$(SDKROOT)/Developer/Library/Frameworks",
					"$(inherited)",
					"$(SYSTEM_APPS_DIR)/Xcode5-DP.app/Contents/Developer/Library/Frameworks",
				);
				GCC_C_LANGUAGE_STANDARD = gnu99;
				GCC_PRECOMPILE_PREFIX_HEADER = YES;
				GCC_PREFIX_HEADER = "Tests/NSSet/Tests/NSSet-Prefix.pch";
				GCC_WARN_ABOUT_RETURN_TYPE = YES_ERROR;
				GCC_WARN_UNDECLARED_SELECTOR = YES;
				GCC_WARN_UNINITIALIZED_AUTOS = YES;
				GCC_WARN_UNUSED_FUNCTION = YES;
				INFOPLIST_FILE = "Tests/NSSet/Tests/NSSet-Info.plist";
				IPHONEOS_DEPLOYMENT_TARGET = 7.0;
				PRODUCT_NAME = "$(TARGET_NAME)";
				VALIDATE_PRODUCT = YES;
				WRAPPER_EXTENSION = xctest;
			};
			name = Release;
		};
/* End XCBuildConfiguration section */

/* Begin XCConfigurationList section */
		1DEB921E08733DC00010E9CD /* Build configuration list for PBXNativeTarget "MRCEnumerable" */ = {
			isa = XCConfigurationList;
			buildConfigurations = (
				1DEB921F08733DC00010E9CD /* Debug */,
				1DEB922008733DC00010E9CD /* Release */,
			);
			defaultConfigurationIsVisible = 0;
			defaultConfigurationName = Release;
		};
		1DEB922208733DC00010E9CD /* Build configuration list for PBXProject "MRCEnumerable" */ = {
			isa = XCConfigurationList;
			buildConfigurations = (
				1DEB922308733DC00010E9CD /* Debug */,
				1DEB922408733DC00010E9CD /* Release */,
			);
			defaultConfigurationIsVisible = 0;
			defaultConfigurationName = Release;
		};
		BF98AED21776B8BE0094B77C /* Build configuration list for PBXNativeTarget "Tests/NSArray" */ = {
			isa = XCConfigurationList;
			buildConfigurations = (
				BF98AED01776B8BE0094B77C /* Debug */,
				BF98AED11776B8BE0094B77C /* Release */,
			);
			defaultConfigurationIsVisible = 0;
			defaultConfigurationName = Release;
		};
		BF98AEE61776B8C60094B77C /* Build configuration list for PBXNativeTarget "Tests/NSDictionary" */ = {
			isa = XCConfigurationList;
			buildConfigurations = (
				BF98AEE71776B8C60094B77C /* Debug */,
				BF98AEE81776B8C60094B77C /* Release */,
			);
			defaultConfigurationIsVisible = 0;
			defaultConfigurationName = Release;
		};
		BF98AEFC1776B8CD0094B77C /* Build configuration list for PBXNativeTarget "Tests/NSSet" */ = {
			isa = XCConfigurationList;
			buildConfigurations = (
				BF98AEFD1776B8CD0094B77C /* Debug */,
				BF98AEFE1776B8CD0094B77C /* Release */,
			);
			defaultConfigurationIsVisible = 0;
			defaultConfigurationName = Release;
		};
/* End XCConfigurationList section */
	};
	rootObject = 0867D690FE84028FC02AAC07 /* Project object */;
}
